
Microsoft Visual Studio Solution File, Format Version 12.00
# Visual Studio Version 17
VisualStudioVersion = 17.1.32319.34
MinimumVisualStudioVersion = 10.0.40219.1
Project("{FAE04EC0-301F-11D3-BF4B-00C04F79EFBC}") = "SharpUpdate", "SharpUpdate\SharpUpdate.csproj", "{811C1D69-764F-4335-8363-B93A1D106268}"
EndProject
Project("{FAE04EC0-301F-11D3-BF4B-00C04F79EFBC}") = "TestApp", "TestApp\TestApp.csproj", "{414D9710-116E-4A14-90A3-51C868DE775B}"
EndProject
Project("{FAE04EC0-301F-11D3-BF4B-00C04F79EFBC}") = "LoginEncrpyt", "Login-Encrypt-main\LoginEncrpyt.csproj", "{349D819E-A2C6-4A4F-88AE-05BFA6B21053}"
EndProject
Project("{FAE04EC0-301F-11D3-BF4B-00C04F79EFBC}") = "Client", "Client\Client.csproj", "{766AEC1D-202E-4480-9BF4-0F2C9DA1AFDA}"
EndProject
Project("{9A19103F-16F7-4668-BE54-9A1E7A4F7556}") = "EncryptString", "EncryptString\EncryptString.csproj", "{F32D8F0B-12EC-40B5-B937-BB017C608EC3}"
EndProject
Project("{FAE04EC0-301F-11D3-BF4B-00C04F79EFBC}") = "MySqlCommunication", "MySqlConnection\MySqlCommunication.csproj", "{C5550F52-D2C9-4BCE-9EAB-304AFCD21CAE}"
EndProject
Project("{FAE04EC0-301F-11D3-BF4B-00C04F79EFBC}") = "Steam", "Steam\Steam.csproj", "{65CE4640-2674-4131-8F37-8E7C1B084622}"
EndProject
Project("{FAE04EC0-301F-11D3-BF4B-00C04F79EFBC}") = "Backup", "Backup\Backup.csproj", "{5168534E-C007-40EA-927E-C6E19FC1BF4D}"
EndProject
Project("{FAE04EC0-301F-11D3-BF4B-00C04F79EFBC}") = "ProConfig", "ProConfig\ProConfig.csproj", "{D7B3E416-566F-4775-AC00-6B3504CF3B58}"
EndProject
Global
	GlobalSection(SolutionConfigurationPlatforms) = preSolution
		Debug|Any CPU = Debug|Any CPU
		Debug|Mixed Platforms = Debug|Mixed Platforms
		Debug|x86 = Debug|x86
		Release|Any CPU = Release|Any CPU
		Release|Mixed Platforms = Release|Mixed Platforms
		Release|x86 = Release|x86
	EndGlobalSection
	GlobalSection(ProjectConfigurationPlatforms) = postSolution
		{811C1D69-764F-4335-8363-B93A1D106268}.Debug|Any CPU.ActiveCfg = Debug|Any CPU
		{811C1D69-764F-4335-8363-B93A1D106268}.Debug|Any CPU.Build.0 = Debug|Any CPU
		{811C1D69-764F-4335-8363-B93A1D106268}.Debug|Mixed Platforms.ActiveCfg = Debug|Any CPU
		{811C1D69-764F-4335-8363-B93A1D106268}.Debug|Mixed Platforms.Build.0 = Debug|Any CPU
		{811C1D69-764F-4335-8363-B93A1D106268}.Debug|x86.ActiveCfg = Debug|Any CPU
		{811C1D69-764F-4335-8363-B93A1D106268}.Release|Any CPU.ActiveCfg = Release|Any CPU
		{811C1D69-764F-4335-8363-B93A1D106268}.Release|Any CPU.Build.0 = Release|Any CPU
		{811C1D69-764F-4335-8363-B93A1D106268}.Release|Mixed Platforms.ActiveCfg = Release|Any CPU
		{811C1D69-764F-4335-8363-B93A1D106268}.Release|Mixed Platforms.Build.0 = Release|Any CPU
		{811C1D69-764F-4335-8363-B93A1D106268}.Release|x86.ActiveCfg = Release|Any CPU
		{414D9710-116E-4A14-90A3-51C868DE775B}.Debug|Any CPU.ActiveCfg = Debug|x86
		{414D9710-116E-4A14-90A3-51C868DE775B}.Debug|Mixed Platforms.ActiveCfg = Debug|x86
		{414D9710-116E-4A14-90A3-51C868DE775B}.Debug|Mixed Platforms.Build.0 = Debug|x86
		{414D9710-116E-4A14-90A3-51C868DE775B}.Debug|x86.ActiveCfg = Debug|x86
		{414D9710-116E-4A14-90A3-51C868DE775B}.Debug|x86.Build.0 = Debug|x86
		{414D9710-116E-4A14-90A3-51C868DE775B}.Release|Any CPU.ActiveCfg = Release|x86
		{414D9710-116E-4A14-90A3-51C868DE775B}.Release|Mixed Platforms.ActiveCfg = Release|x86
		{414D9710-116E-4A14-90A3-51C868DE775B}.Release|Mixed Platforms.Build.0 = Release|x86
		{414D9710-116E-4A14-90A3-51C868DE775B}.Release|x86.ActiveCfg = Release|x86
		{414D9710-116E-4A14-90A3-51C868DE775B}.Release|x86.Build.0 = Release|x86
		{349D819E-A2C6-4A4F-88AE-05BFA6B21053}.Debug|Any CPU.ActiveCfg = Debug|Any CPU
		{349D819E-A2C6-4A4F-88AE-05BFA6B21053}.Debug|Any CPU.Build.0 = Debug|Any CPU
		{349D819E-A2C6-4A4F-88AE-05BFA6B21053}.Debug|Mixed Platforms.ActiveCfg = Debug|Any CPU
		{349D819E-A2C6-4A4F-88AE-05BFA6B21053}.Debug|Mixed Platforms.Build.0 = Debug|Any CPU
		{349D819E-A2C6-4A4F-88AE-05BFA6B21053}.Debug|x86.ActiveCfg = Debug|Any CPU
		{349D819E-A2C6-4A4F-88AE-05BFA6B21053}.Debug|x86.Build.0 = Debug|Any CPU
		{349D819E-A2C6-4A4F-88AE-05BFA6B21053}.Release|Any CPU.ActiveCfg = Release|Any CPU
		{349D819E-A2C6-4A4F-88AE-05BFA6B21053}.Release|Any CPU.Build.0 = Release|Any CPU
		{349D819E-A2C6-4A4F-88AE-05BFA6B21053}.Release|Mixed Platforms.ActiveCfg = Release|Any CPU
		{349D819E-A2C6-4A4F-88AE-05BFA6B21053}.Release|Mixed Platforms.Build.0 = Release|Any CPU
		{349D819E-A2C6-4A4F-88AE-05BFA6B21053}.Release|x86.ActiveCfg = Release|Any CPU
		{349D819E-A2C6-4A4F-88AE-05BFA6B21053}.Release|x86.Build.0 = Release|Any CPU
		{766AEC1D-202E-4480-9BF4-0F2C9DA1AFDA}.Debug|Any CPU.ActiveCfg = Debug|Any CPU
		{766AEC1D-202E-4480-9BF4-0F2C9DA1AFDA}.Debug|Any CPU.Build.0 = Debug|Any CPU
		{766AEC1D-202E-4480-9BF4-0F2C9DA1AFDA}.Debug|Mixed Platforms.ActiveCfg = Debug|Any CPU
		{766AEC1D-202E-4480-9BF4-0F2C9DA1AFDA}.Debug|Mixed Platforms.Build.0 = Debug|Any CPU
		{766AEC1D-202E-4480-9BF4-0F2C9DA1AFDA}.Debug|x86.ActiveCfg = Debug|Any CPU
		{766AEC1D-202E-4480-9BF4-0F2C9DA1AFDA}.Debug|x86.Build.0 = Debug|Any CPU
		{766AEC1D-202E-4480-9BF4-0F2C9DA1AFDA}.Release|Any CPU.ActiveCfg = Release|Any CPU
		{766AEC1D-202E-4480-9BF4-0F2C9DA1AFDA}.Release|Any CPU.Build.0 = Release|Any CPU
		{766AEC1D-202E-4480-9BF4-0F2C9DA1AFDA}.Release|Mixed Platforms.ActiveCfg = Release|Any CPU
		{766AEC1D-202E-4480-9BF4-0F2C9DA1AFDA}.Release|Mixed Platforms.Build.0 = Release|Any CPU
		{766AEC1D-202E-4480-9BF4-0F2C9DA1AFDA}.Release|x86.ActiveCfg = Release|Any CPU
		{766AEC1D-202E-4480-9BF4-0F2C9DA1AFDA}.Release|x86.Build.0 = Release|Any CPU
		{F32D8F0B-12EC-40B5-B937-BB017C608EC3}.Debug|Any CPU.ActiveCfg = Debug|Any CPU
		{F32D8F0B-12EC-40B5-B937-BB017C608EC3}.Debug|Any CPU.Build.0 = Debug|Any CPU
		{F32D8F0B-12EC-40B5-B937-BB017C608EC3}.Debug|Mixed Platforms.ActiveCfg = Debug|Any CPU
		{F32D8F0B-12EC-40B5-B937-BB017C608EC3}.Debug|Mixed Platforms.Build.0 = Debug|Any CPU
		{F32D8F0B-12EC-40B5-B937-BB017C608EC3}.Debug|x86.ActiveCfg = Debug|Any CPU
		{F32D8F0B-12EC-40B5-B937-BB017C608EC3}.Debug|x86.Build.0 = Debug|Any CPU
		{F32D8F0B-12EC-40B5-B937-BB017C608EC3}.Release|Any CPU.ActiveCfg = Release|Any CPU
		{F32D8F0B-12EC-40B5-B937-BB017C608EC3}.Release|Any CPU.Build.0 = Release|Any CPU
		{F32D8F0B-12EC-40B5-B937-BB017C608EC3}.Release|Mixed Platforms.ActiveCfg = Release|Any CPU
		{F32D8F0B-12EC-40B5-B937-BB017C608EC3}.Release|Mixed Platforms.Build.0 = Release|Any CPU
		{F32D8F0B-12EC-40B5-B937-BB017C608EC3}.Release|x86.ActiveCfg = Release|Any CPU
		{F32D8F0B-12EC-40B5-B937-BB017C608EC3}.Release|x86.Build.0 = Release|Any CPU
		{C5550F52-D2C9-4BCE-9EAB-304AFCD21CAE}.Debug|Any CPU.ActiveCfg = Debug|Any CPU
		{C5550F52-D2C9-4BCE-9EAB-304AFCD21CAE}.Debug|Any CPU.Build.0 = Debug|Any CPU
		{C5550F52-D2C9-4BCE-9EAB-304AFCD21CAE}.Debug|Mixed Platforms.ActiveCfg = Debug|Any CPU
		{C5550F52-D2C9-4BCE-9EAB-304AFCD21CAE}.Debug|Mixed Platforms.Build.0 = Debug|Any CPU
		{C5550F52-D2C9-4BCE-9EAB-304AFCD21CAE}.Debug|x86.ActiveCfg = Debug|Any CPU
		{C5550F52-D2C9-4BCE-9EAB-304AFCD21CAE}.Debug|x86.Build.0 = Debug|Any CPU
		{C5550F52-D2C9-4BCE-9EAB-304AFCD21CAE}.Release|Any CPU.ActiveCfg = Release|Any CPU
		{C5550F52-D2C9-4BCE-9EAB-304AFCD21CAE}.Release|Any CPU.Build.0 = Release|Any CPU
		{C5550F52-D2C9-4BCE-9EAB-304AFCD21CAE}.Release|Mixed Platforms.ActiveCfg = Release|Any CPU
		{C5550F52-D2C9-4BCE-9EAB-304AFCD21CAE}.Release|Mixed Platforms.Build.0 = Release|Any CPU
		{C5550F52-D2C9-4BCE-9EAB-304AFCD21CAE}.Release|x86.ActiveCfg = Release|Any CPU
		{C5550F52-D2C9-4BCE-9EAB-304AFCD21CAE}.Release|x86.Build.0 = Release|Any CPU
		{65CE4640-2674-4131-8F37-8E7C1B084622}.Debug|Any CPU.ActiveCfg = Debug|Any CPU
		{65CE4640-2674-4131-8F37-8E7C1B084622}.Debug|Any CPU.Build.0 = Debug|Any CPU
		{65CE4640-2674-4131-8F37-8E7C1B084622}.Debug|Mixed Platforms.ActiveCfg = Debug|Any CPU
		{65CE4640-2674-4131-8F37-8E7C1B084622}.Debug|Mixed Platforms.Build.0 = Debug|Any CPU
		{65CE4640-2674-4131-8F37-8E7C1B084622}.Debug|x86.ActiveCfg = Debug|Any CPU
		{65CE4640-2674-4131-8F37-8E7C1B084622}.Debug|x86.Build.0 = Debug|Any CPU
		{65CE4640-2674-4131-8F37-8E7C1B084622}.Release|Any CPU.ActiveCfg = Release|Any CPU
		{65CE4640-2674-4131-8F37-8E7C1B084622}.Release|Any CPU.Build.0 = Release|Any CPU
		{65CE4640-2674-4131-8F37-8E7C1B084622}.Release|Mixed Platforms.ActiveCfg = Release|Any CPU
		{65CE4640-2674-4131-8F37-8E7C1B084622}.Release|Mixed Platforms.Build.0 = Release|Any CPU
		{65CE4640-2674-4131-8F37-8E7C1B084622}.Release|x86.ActiveCfg = Release|Any CPU
		{65CE4640-2674-4131-8F37-8E7C1B084622}.Release|x86.Build.0 = Release|Any CPU
		{5168534E-C007-40EA-927E-C6E19FC1BF4D}.Debug|Any CPU.ActiveCfg = Debug|Any CPU
		{5168534E-C007-40EA-927E-C6E19FC1BF4D}.Debug|Any CPU.Build.0 = Debug|Any CPU
		{5168534E-C007-40EA-927E-C6E19FC1BF4D}.Debug|Mixed Platforms.ActiveCfg = Debug|Any CPU
		{5168534E-C007-40EA-927E-C6E19FC1BF4D}.Debug|Mixed Platforms.Build.0 = Debug|Any CPU
		{5168534E-C007-40EA-927E-C6E19FC1BF4D}.Debug|x86.ActiveCfg = Debug|Any CPU
		{5168534E-C007-40EA-927E-C6E19FC1BF4D}.Debug|x86.Build.0 = Debug|Any CPU
		{5168534E-C007-40EA-927E-C6E19FC1BF4D}.Release|Any CPU.ActiveCfg = Release|Any CPU
		{5168534E-C007-40EA-927E-C6E19FC1BF4D}.Release|Any CPU.Build.0 = Release|Any CPU
		{5168534E-C007-40EA-927E-C6E19FC1BF4D}.Release|Mixed Platforms.ActiveCfg = Release|Any CPU
		{5168534E-C007-40EA-927E-C6E19FC1BF4D}.Release|Mixed Platforms.Build.0 = Release|Any CPU
		{5168534E-C007-40EA-927E-C6E19FC1BF4D}.Release|x86.ActiveCfg = Release|Any CPU
		{5168534E-C007-40EA-927E-C6E19FC1BF4D}.Release|x86.Build.0 = Release|Any CPU
		{D7B3E416-566F-4775-AC00-6B3504CF3B58}.Debug|Any CPU.ActiveCfg = Debug|Any CPU
		{D7B3E416-566F-4775-AC00-6B3504CF3B58}.Debug|Any CPU.Build.0 = Debug|Any CPU
		{D7B3E416-566F-4775-AC00-6B3504CF3B58}.Debug|Mixed Platforms.ActiveCfg = Debug|Any CPU
		{D7B3E416-566F-4775-AC00-6B3504CF3B58}.Debug|Mixed Platforms.Build.0 = Debug|Any CPU
		{D7B3E416-566F-4775-AC00-6B3504CF3B58}.Debug|x86.ActiveCfg = Debug|Any CPU
		{D7B3E416-566F-4775-AC00-6B3504CF3B58}.Debug|x86.Build.0 = Debug|Any CPU
		{D7B3E416-566F-4775-AC00-6B3504CF3B58}.Release|Any CPU.ActiveCfg = Release|Any CPU
		{D7B3E416-566F-4775-AC00-6B3504CF3B58}.Release|Any CPU.Build.0 = Release|Any CPU
		{D7B3E416-566F-4775-AC00-6B3504CF3B58}.Release|Mixed Platforms.ActiveCfg = Release|Any CPU
		{D7B3E416-566F-4775-AC00-6B3504CF3B58}.Release|Mixed Platforms.Build.0 = Release|Any CPU
		{D7B3E416-566F-4775-AC00-6B3504CF3B58}.Release|x86.ActiveCfg = Release|Any CPU
		{D7B3E416-566F-4775-AC00-6B3504CF3B58}.Release|x86.Build.0 = Release|Any CPU
	EndGlobalSection
	GlobalSection(SolutionProperties) = preSolution
		HideSolutionNode = FALSE
	EndGlobalSection
	GlobalSection(ExtensibilityGlobals) = postSolution
		SolutionGuid = {0753AF18-BC53-4A54-AD69-97BBCDCE82DB}
	EndGlobalSection
EndGlobal
